
Microsoft Visual Studio Solution File, Format Version 12.00
# Visual Studio Version 17
VisualStudioVersion = 17.0.31903.59
MinimumVisualStudioVersion = 10.0.40219.1
Project("{2150E333-8FDC-42A3-9474-1A3956D46DE8}") = "src", "src", "{6ED356A7-8B47-4613-AD01-C85CF28491BD}"
EndProject
Project("{2150E333-8FDC-42A3-9474-1A3956D46DE8}") = "tests", "tests", "{664D406C-2F83-48F0-BFC3-408D5CB53C65}"
EndProject
Project("{2150E333-8FDC-42A3-9474-1A3956D46DE8}") = "Solution Items", "Solution Items", "{E3E581D9-5225-4A24-AD40-C817DC3BDDF1}"
	ProjectSection(SolutionItems) = preProject
		README.md = README.md
	EndProjectSection
EndProject
Project("{2150E333-8FDC-42A3-9474-1A3956D46DE8}") = "deployment", "deployment", "{6DA7A25E-9209-433F-AEE3-74F91D6C6DA1}"
EndProject
Project("{2150E333-8FDC-42A3-9474-1A3956D46DE8}") = "docker", "docker", "{27533508-5FAD-4228-ADB9-10DD5CFA00F0}"
	ProjectSection(SolutionItems) = preProject
		deployment\docker\docker-compose-app.yaml = deployment\docker\docker-compose-app.yaml
		deployment\docker\docker-compose-infrastructure.yaml = deployment\docker\docker-compose-infrastructure.yaml
		deployment\docker\docker-compose.sh = deployment\docker\docker-compose.sh
		deployment\docker\build.sh = deployment\docker\build.sh
	EndProjectSection
EndProject
Project("{2150E333-8FDC-42A3-9474-1A3956D46DE8}") = "Catalog", "Catalog", "{559E0C41-C190-4F2B-9207-B188384529A2}"
EndProject
Project("{2150E333-8FDC-42A3-9474-1A3956D46DE8}") = "Services", "Services", "{7B8DBD4C-0837-4FA2-A11B-EA86ADF68A2E}"
EndProject
Project("{2150E333-8FDC-42A3-9474-1A3956D46DE8}") = "Application", "Application", "{F4ABC220-915A-4A20-8EFD-7277ED05A942}"
EndProject
Project("{2150E333-8FDC-42A3-9474-1A3956D46DE8}") = "Common", "Common", "{49A6DB3E-CD91-4808-9A7E-6C88E49E2091}"
EndProject
Project("{2150E333-8FDC-42A3-9474-1A3956D46DE8}") = "Domain", "Domain", "{9E0183F9-395A-484B-8E9F-90D7F74162DF}"
EndProject
Project("{2150E333-8FDC-42A3-9474-1A3956D46DE8}") = "Infrastructure", "Infrastructure", "{64E0A695-DD68-4BCE-A6A7-690DA87F7189}"
EndProject
Project("{2150E333-8FDC-42A3-9474-1A3956D46DE8}") = "Presentation", "Presentation", "{C63FD9E3-CAC7-4559-BFDD-0EEFA19BBDF9}"
EndProject
Project("{9A19103F-16F7-4668-BE54-9A1E7A4F7556}") = "NKZSoft.Catalog.Service.Application", "src\NKZSoft.Catalog.Service\src\NKZSoft.Catalog.Service.Application\NKZSoft.Catalog.Service.Application.csproj", "{4CFA52F5-E71B-42C2-A3EA-31AE863A71D0}"
EndProject
Project("{9A19103F-16F7-4668-BE54-9A1E7A4F7556}") = "NKZSoft.Catalog.Service.Events", "src\NKZSoft.Catalog.Service\src\NKZSoft.Catalog.Service.Events\NKZSoft.Catalog.Service.Events.csproj", "{C109199D-6EFF-4F78-A875-4CE9D9FA7A7A}"
EndProject
Project("{9A19103F-16F7-4668-BE54-9A1E7A4F7556}") = "NKZSoft.Catalog.Service.Domain", "src\NKZSoft.Catalog.Service\src\NKZSoft.Catalog.Service.Domain\NKZSoft.Catalog.Service.Domain.csproj", "{F1B1B535-9C68-40E0-A5FE-D1BE9BBBF1D3}"
EndProject
Project("{9A19103F-16F7-4668-BE54-9A1E7A4F7556}") = "NKZSoft.Catalog.Service.Common", "src\NKZSoft.Catalog.Service\src\NKZSoft.Catalog.Service.Common\NKZSoft.Catalog.Service.Common.csproj", "{37A0F33B-DCEB-4E95-8D91-BCC5362D0747}"
EndProject
Project("{9A19103F-16F7-4668-BE54-9A1E7A4F7556}") = "NKZSoft.Catalog.Service.Presentation.Starter", "src\NKZSoft.Catalog.Service\src\NKZSoft.Catalog.Service.Presentation.Starter\NKZSoft.Catalog.Service.Presentation.Starter.csproj", "{2FD08524-42A6-4915-A8AD-54A616EE9598}"
EndProject
Project("{9A19103F-16F7-4668-BE54-9A1E7A4F7556}") = "NKZSoft.Catalog.Service.EFCore.Caching.Redis", "src\NKZSoft.Catalog.Service\src\NKZSoft.Catalog.Service.EFCore.Caching.Redis\NKZSoft.Catalog.Service.EFCore.Caching.Redis.csproj", "{7D970C41-F894-49D7-BF17-B6DD81441D7C}"
EndProject
Project("{9A19103F-16F7-4668-BE54-9A1E7A4F7556}") = "NKZSoft.Catalog.Service.Infrastructure.Core", "src\NKZSoft.Catalog.Service\src\NKZSoft.Catalog.Service.Infrastructure.Core\NKZSoft.Catalog.Service.Infrastructure.Core.csproj", "{4B1C30F9-BD7D-49E9-AFCA-264BC28D07DD}"
EndProject
Project("{9A19103F-16F7-4668-BE54-9A1E7A4F7556}") = "NKZSoft.Catalog.Service.MessageBrokers.RabbitMq", "src\NKZSoft.Catalog.Service\src\NKZSoft.Catalog.Service.MessageBrokers.RabbitMq\NKZSoft.Catalog.Service.MessageBrokers.RabbitMq.csproj", "{95058401-C036-4BC5-9FE9-3552E5CA7CEF}"
EndProject
Project("{9A19103F-16F7-4668-BE54-9A1E7A4F7556}") = "NKZSoft.Catalog.Service.Persistence.PostgreSQL", "src\NKZSoft.Catalog.Service\src\NKZSoft.Catalog.Service.Persistence.PostgreSQL\NKZSoft.Catalog.Service.Persistence.PostgreSQL.csproj", "{2220F238-43CF-498F-9DD6-C163FCBC271B}"
EndProject
Project("{9A19103F-16F7-4668-BE54-9A1E7A4F7556}") = "NKZSoft.Catalog.Service.Presentation.REST", "src\NKZSoft.Catalog.Service\src\NKZSoft.Catalog.Service.Presentation.REST\NKZSoft.Catalog.Service.Presentation.REST.csproj", "{78338E0F-F191-4C63-96E5-B4870FB65F51}"
EndProject
Project("{FAE04EC0-301F-11D3-BF4B-00C04F79EFBC}") = "NKZSoft.Catalog.Service.Application.Tests", "src\NKZSoft.Catalog.Service\tests\NKZSoft.Catalog.Service.Application.Tests\NKZSoft.Catalog.Service.Application.Tests.csproj", "{E37D9354-DC35-4B5A-85CC-235A3D14E7CF}"
EndProject
Project("{FAE04EC0-301F-11D3-BF4B-00C04F79EFBC}") = "NKZSoft.Catalog.Service.Common.Tests", "src\NKZSoft.Catalog.Service\tests\NKZSoft.Catalog.Service.Common.Tests\NKZSoft.Catalog.Service.Common.Tests.csproj", "{8451D513-881C-46C0-9D94-9A5601A16F21}"
EndProject
Project("{FAE04EC0-301F-11D3-BF4B-00C04F79EFBC}") = "NKZSoft.Catalog.Service.Presentation.REST.Tests", "src\NKZSoft.Catalog.Service\tests\NKZSoft.Catalog.Service.Presentation.REST.Tests\NKZSoft.Catalog.Service.Presentation.REST.Tests.csproj", "{CF0CB70A-5EE9-4B98-86CD-9656406DEC2B}"
EndProject
Project("{2150E333-8FDC-42A3-9474-1A3956D46DE8}") = "Order", "Order", "{52D4F9B6-9AD4-4B1D-AEF9-53B90E92FEEC}"
EndProject
Project("{2150E333-8FDC-42A3-9474-1A3956D46DE8}") = "src", "src", "{1079D904-8EC4-4E0E-89CA-D6EA860E5A9F}"
EndProject
Project("{2150E333-8FDC-42A3-9474-1A3956D46DE8}") = "tests", "tests", "{48E13230-B412-4CA9-A8DE-F063673537AC}"
EndProject
Project("{2150E333-8FDC-42A3-9474-1A3956D46DE8}") = "Application", "Application", "{031D5688-D06B-431E-B526-E21C0147BB6E}"
EndProject
Project("{2150E333-8FDC-42A3-9474-1A3956D46DE8}") = "Common", "Common", "{2CFFCA35-BB18-4D47-B85B-0A948BD5BFF6}"
EndProject
Project("{2150E333-8FDC-42A3-9474-1A3956D46DE8}") = "Domain", "Domain", "{402C0835-CA0F-457D-A083-2F85F1AAB2E5}"
EndProject
Project("{2150E333-8FDC-42A3-9474-1A3956D46DE8}") = "Infrastructure", "Infrastructure", "{0518AA54-0BB9-412E-A04F-F3C4AF107D79}"
EndProject
Project("{2150E333-8FDC-42A3-9474-1A3956D46DE8}") = "Presentation", "Presentation", "{A0EB6356-1EEC-4A2E-8773-334D84BC136C}"
EndProject
Project("{FAE04EC0-301F-11D3-BF4B-00C04F79EFBC}") = "NKZSoft.Order.Service.Application", "src\NKZSoft.Order.Service\src\NKZSoft.Order.Service.Application\NKZSoft.Order.Service.Application.csproj", "{152482D5-6D54-4039-A7C5-446E8CE9ED8B}"
EndProject
Project("{FAE04EC0-301F-11D3-BF4B-00C04F79EFBC}") = "NKZSoft.Order.Service.Events", "src\NKZSoft.Order.Service\src\NKZSoft.Order.Service.Events\NKZSoft.Order.Service.Events.csproj", "{4435285B-DE2C-4213-B8A1-F4FE75669C48}"
EndProject
Project("{FAE04EC0-301F-11D3-BF4B-00C04F79EFBC}") = "NKZSoft.Order.Service.Common", "src\NKZSoft.Order.Service\src\NKZSoft.Order.Service.Common\NKZSoft.Order.Service.Common.csproj", "{67B1911B-6957-4BA0-B206-89EFF6CD243E}"
EndProject
Project("{FAE04EC0-301F-11D3-BF4B-00C04F79EFBC}") = "NKZSoft.Order.Service.Domain", "src\NKZSoft.Order.Service\src\NKZSoft.Order.Service.Domain\NKZSoft.Order.Service.Domain.csproj", "{2E604869-3022-45E7-8DA6-ADB48B4C36FA}"
EndProject
Project("{FAE04EC0-301F-11D3-BF4B-00C04F79EFBC}") = "NKZSoft.Order.Service.Infrastructure.Core", "src\NKZSoft.Order.Service\src\NKZSoft.Order.Service.Infrastructure.Core\NKZSoft.Order.Service.Infrastructure.Core.csproj", "{D6BAC9A1-67EE-456A-A90D-6AA12787EA45}"
EndProject
Project("{FAE04EC0-301F-11D3-BF4B-00C04F79EFBC}") = "NKZSoft.Order.Service.EFCore.Caching.Redis", "src\NKZSoft.Order.Service\src\NKZSoft.Order.Service.EFCore.Caching.Redis\NKZSoft.Order.Service.EFCore.Caching.Redis.csproj", "{2A702380-D03D-4441-AB24-598EC754F1C5}"
EndProject
Project("{FAE04EC0-301F-11D3-BF4B-00C04F79EFBC}") = "NKZSoft.Order.Service.Persistence.PostgreSQL", "src\NKZSoft.Order.Service\src\NKZSoft.Order.Service.Persistence.PostgreSQL\NKZSoft.Order.Service.Persistence.PostgreSQL.csproj", "{447755EB-76A2-4234-953A-C6C3383AF6FD}"
EndProject
Project("{FAE04EC0-301F-11D3-BF4B-00C04F79EFBC}") = "NKZSoft.Order.Service.MessageBrokers.RabbitMq", "src\NKZSoft.Order.Service\src\NKZSoft.Order.Service.MessageBrokers.RabbitMq\NKZSoft.Order.Service.MessageBrokers.RabbitMq.csproj", "{206E93CF-0485-439F-B2B0-9019FDBC1807}"
EndProject
Project("{FAE04EC0-301F-11D3-BF4B-00C04F79EFBC}") = "NKZSoft.Order.Service.Presentation.Starter", "src\NKZSoft.Order.Service\src\NKZSoft.Order.Service.Presentation.Starter\NKZSoft.Order.Service.Presentation.Starter.csproj", "{99A83490-B5E3-449C-9E0B-35BD6EA66459}"
EndProject
Project("{FAE04EC0-301F-11D3-BF4B-00C04F79EFBC}") = "NKZSoft.Order.Service.Presentation.Rest", "src\NKZSoft.Order.Service\src\NKZSoft.Order.Service.Presentation.Rest\NKZSoft.Order.Service.Presentation.Rest.csproj", "{383175AA-C9D8-40BE-9F01-A4D7E669DAFB}"
EndProject
Project("{FAE04EC0-301F-11D3-BF4B-00C04F79EFBC}") = "NKZSoft.Order.Service.Application.Tests", "src\NKZSoft.Order.Service\tests\NKZSoft.Order.Service.Application.Tests\NKZSoft.Order.Service.Application.Tests.csproj", "{37C88623-4F76-4B59-B735-3D75E7748CA4}"
EndProject
Project("{FAE04EC0-301F-11D3-BF4B-00C04F79EFBC}") = "NKZSoft.Order.Service.Common.Tests", "src\NKZSoft.Order.Service\tests\NKZSoft.Order.Service.Common.Tests\NKZSoft.Order.Service.Common.Tests.csproj", "{D56D0387-1937-4774-AF94-EEAA4D1C2ACA}"
EndProject
Project("{FAE04EC0-301F-11D3-BF4B-00C04F79EFBC}") = "NKZSoft.Order.Service.Domain.Tests", "src\NKZSoft.Order.Service\tests\NKZSoft.Order.Service.Domain.Tests\NKZSoft.Order.Service.Domain.Tests.csproj", "{0AEF5E12-6D2C-4375-85C5-DB3FD1E3E33B}"
EndProject
Project("{FAE04EC0-301F-11D3-BF4B-00C04F79EFBC}") = "NKZSoft.Order.Service.Presentation.Rest.Tests", "src\NKZSoft.Order.Service\tests\NKZSoft.Order.Service.Presentation.Rest.Tests\NKZSoft.Order.Service.Presentation.Rest.Tests.csproj", "{6E0D9E7E-43EC-4C7B-B3EE-FD68FE740A59}"
EndProject
Project("{2150E333-8FDC-42A3-9474-1A3956D46DE8}") = "Bucket", "Bucket", "{075D841B-90C7-4C4D-9CE7-8247402A0804}"
EndProject
Project("{2150E333-8FDC-42A3-9474-1A3956D46DE8}") = "Payment", "Payment", "{C6E401C1-427C-499B-95AB-F7CA01459BA2}"
EndProject
Project("{2150E333-8FDC-42A3-9474-1A3956D46DE8}") = "src", "src", "{4DE57744-2089-46F7-958C-43EC172BA645}"
EndProject
Project("{2150E333-8FDC-42A3-9474-1A3956D46DE8}") = "tests", "tests", "{FE29BDCA-42F1-405D-9B06-F3CF121FFC6C}"
EndProject
Project("{2150E333-8FDC-42A3-9474-1A3956D46DE8}") = "Application", "Application", "{3A433A7B-AE13-4890-B1E0-62D2573A9EED}"
EndProject
Project("{2150E333-8FDC-42A3-9474-1A3956D46DE8}") = "Common", "Common", "{31009BCB-13F0-4691-9217-2886AACF95E3}"
EndProject
Project("{2150E333-8FDC-42A3-9474-1A3956D46DE8}") = "Domain", "Domain", "{07F67687-13DF-4106-AD48-24093B99A81D}"
EndProject
Project("{2150E333-8FDC-42A3-9474-1A3956D46DE8}") = "Infrastructure", "Infrastructure", "{FAC5B9D6-8E87-481F-8D5E-94CE8335E0EA}"
EndProject
Project("{2150E333-8FDC-42A3-9474-1A3956D46DE8}") = "Presentation", "Presentation", "{DD700CF2-A9C1-4C66-8B75-1EB5907E2513}"
EndProject
Project("{FAE04EC0-301F-11D3-BF4B-00C04F79EFBC}") = "NKZSoft.Bucket.Service.Application", "src\NKZSoft.Bucket.Service\src\NKZSoft.Bucket.Service.Application\NKZSoft.Bucket.Service.Application.csproj", "{9D961E77-DAC5-4E72-B082-4B4ABC88B005}"
EndProject
Project("{FAE04EC0-301F-11D3-BF4B-00C04F79EFBC}") = "NKZSoft.Bucket.Service.Events", "src\NKZSoft.Bucket.Service\src\NKZSoft.Bucket.Service.Events\NKZSoft.Bucket.Service.Events.csproj", "{C7ECAF7C-0E85-4002-B281-E182CAEBDAC8}"
EndProject
Project("{FAE04EC0-301F-11D3-BF4B-00C04F79EFBC}") = "NKZSoft.Bucket.Service.Common", "src\NKZSoft.Bucket.Service\src\NKZSoft.Bucket.Service.Common\NKZSoft.Bucket.Service.Common.csproj", "{0BD97820-B8BC-4869-BAF0-637AF6549D5F}"
EndProject
Project("{FAE04EC0-301F-11D3-BF4B-00C04F79EFBC}") = "NKZSoft.Bucket.Service.Domain", "src\NKZSoft.Bucket.Service\src\NKZSoft.Bucket.Service.Domain\NKZSoft.Bucket.Service.Domain.csproj", "{086B402F-4F00-465E-8900-D9C0D08E8778}"
EndProject
Project("{FAE04EC0-301F-11D3-BF4B-00C04F79EFBC}") = "NKZSoft.Bucket.Service.EFCore.Caching.Redis", "src\NKZSoft.Bucket.Service\src\NKZSoft.Bucket.Service.EFCore.Caching.Redis\NKZSoft.Bucket.Service.EFCore.Caching.Redis.csproj", "{E6CE1F16-52F7-40BE-B0B4-5195B41CA0B0}"
EndProject
Project("{FAE04EC0-301F-11D3-BF4B-00C04F79EFBC}") = "NKZSoft.Bucket.Service.Persistence.PostgreSQL", "src\NKZSoft.Bucket.Service\src\NKZSoft.Bucket.Service.Persistence.PostgreSQL\NKZSoft.Bucket.Service.Persistence.PostgreSQL.csproj", "{0F0F5809-84A6-4BC9-AB32-E754E351DCB1}"
EndProject
Project("{FAE04EC0-301F-11D3-BF4B-00C04F79EFBC}") = "NKZSoft.Bucket.Service.Infrastructure.Core", "src\NKZSoft.Bucket.Service\src\NKZSoft.Bucket.Service.Infrastructure.Core\NKZSoft.Bucket.Service.Infrastructure.Core.csproj", "{77739B5C-452B-4B91-9B4B-893073047A9F}"
EndProject
Project("{FAE04EC0-301F-11D3-BF4B-00C04F79EFBC}") = "NKZSoft.Bucket.Service.MessageBrokers.RabbitMq", "src\NKZSoft.Bucket.Service\src\NKZSoft.Bucket.Service.MessageBrokers.RabbitMq\NKZSoft.Bucket.Service.MessageBrokers.RabbitMq.csproj", "{3D36FD34-96BC-49E7-BFF0-CB5350AFD6F6}"
EndProject
Project("{FAE04EC0-301F-11D3-BF4B-00C04F79EFBC}") = "NKZSoft.Bucket.Service.Presentation.Rest", "src\NKZSoft.Bucket.Service\src\NKZSoft.Bucket.Service.Presentation.Rest\NKZSoft.Bucket.Service.Presentation.Rest.csproj", "{53227F47-F142-464E-ACF4-029CA3903A52}"
EndProject
Project("{FAE04EC0-301F-11D3-BF4B-00C04F79EFBC}") = "NKZSoft.Bucket.Service.Presentation.Starter", "src\NKZSoft.Bucket.Service\src\NKZSoft.Bucket.Service.Presentation.Starter\NKZSoft.Bucket.Service.Presentation.Starter.csproj", "{A2FFB8A5-FD8C-463B-82B4-BA73E72276D7}"
EndProject
Project("{FAE04EC0-301F-11D3-BF4B-00C04F79EFBC}") = "NKZSoft.Bucket.Service.Domain.Tests", "src\NKZSoft.Bucket.Service\tests\NKZSoft.Bucket.Service.Domain.Tests\NKZSoft.Bucket.Service.Domain.Tests.csproj", "{A91B6C49-DFFF-49A9-8328-B5D10C3B12D4}"
EndProject
Project("{FAE04EC0-301F-11D3-BF4B-00C04F79EFBC}") = "NKZSoft.Bucket.Service.Application.Tests", "src\NKZSoft.Bucket.Service\tests\NKZSoft.Bucket.Service.Application.Tests\NKZSoft.Bucket.Service.Application.Tests.csproj", "{6698B95C-3133-41D8-9DE3-E7F49B204E51}"
EndProject
Project("{FAE04EC0-301F-11D3-BF4B-00C04F79EFBC}") = "NKZSoft.Bucket.Service.Presentation.Rest.Tests", "src\NKZSoft.Bucket.Service\tests\NKZSoft.Bucket.Service.Presentation.Rest.Tests\NKZSoft.Bucket.Service.Presentation.Rest.Tests.csproj", "{84C31E1B-5586-4155-AADC-FE93FBD5C6F0}"
EndProject
Project("{2150E333-8FDC-42A3-9474-1A3956D46DE8}") = "src", "src", "{C670365F-6AE9-4B83-8BFB-CE81E9E14033}"
EndProject
Project("{2150E333-8FDC-42A3-9474-1A3956D46DE8}") = "tests", "tests", "{28F7EB7B-F440-4326-9C89-800B8003FDE7}"
EndProject
Project("{2150E333-8FDC-42A3-9474-1A3956D46DE8}") = "Application", "Application", "{42F41124-EB82-4EC3-B83D-91B0226BBCE5}"
EndProject
Project("{2150E333-8FDC-42A3-9474-1A3956D46DE8}") = "Common", "Common", "{8865E516-C712-4F4E-B250-8D35CDD3C33D}"
EndProject
Project("{2150E333-8FDC-42A3-9474-1A3956D46DE8}") = "Domain", "Domain", "{AF34021C-9CDB-4519-AAC1-326C36810D2C}"
EndProject
Project("{2150E333-8FDC-42A3-9474-1A3956D46DE8}") = "Infrastructure", "Infrastructure", "{05393277-BEA2-4E29-8411-72634D22B62D}"
EndProject
Project("{2150E333-8FDC-42A3-9474-1A3956D46DE8}") = "Presentation", "Presentation", "{6CC777F3-1859-4FC1-9E9C-5587B10F9838}"
EndProject
Project("{FAE04EC0-301F-11D3-BF4B-00C04F79EFBC}") = "NKZSoft.Payment.Service.Application.Tests", "src\NKZSoft.Payment.Service\tests\NKZSoft.Payment.Service.Application.Tests\NKZSoft.Payment.Service.Application.Tests.csproj", "{878B3DC7-C02A-415F-9161-CAFFE5815886}"
EndProject
Project("{FAE04EC0-301F-11D3-BF4B-00C04F79EFBC}") = "NKZSoft.Payment.Service.Common.Tests", "src\NKZSoft.Payment.Service\tests\NKZSoft.Payment.Service.Common.Tests\NKZSoft.Payment.Service.Common.Tests.csproj", "{BC4F9728-0F2A-4854-9B24-7437F489573F}"
EndProject
Project("{FAE04EC0-301F-11D3-BF4B-00C04F79EFBC}") = "NKZSoft.Payment.Service.Domain.Tests", "src\NKZSoft.Payment.Service\tests\NKZSoft.Payment.Service.Domain.Tests\NKZSoft.Payment.Service.Domain.Tests.csproj", "{A4AFC75A-D3A7-4AC3-A5D5-2B2AC8143AF0}"
EndProject
Project("{FAE04EC0-301F-11D3-BF4B-00C04F79EFBC}") = "NKZSoft.Payment.Service.Presentation.Rest.Tests", "src\NKZSoft.Payment.Service\tests\NKZSoft.Payment.Service.Presentation.Rest.Tests\NKZSoft.Payment.Service.Presentation.Rest.Tests.csproj", "{8379D3F6-20DB-4795-8371-25FC6170CDE7}"
EndProject
Project("{FAE04EC0-301F-11D3-BF4B-00C04F79EFBC}") = "NKZSoft.Payment.Service.Application", "src\NKZSoft.Payment.Service\src\NKZSoft.Payment.Service.Application\NKZSoft.Payment.Service.Application.csproj", "{84834949-4A91-427D-A388-FB1EFD26DAD6}"
EndProject
Project("{FAE04EC0-301F-11D3-BF4B-00C04F79EFBC}") = "NKZSoft.Payment.Service.Events", "src\NKZSoft.Payment.Service\src\NKZSoft.Payment.Service.Events\NKZSoft.Payment.Service.Events.csproj", "{AB762D54-B603-4F77-8EAE-12109B147034}"
EndProject
Project("{FAE04EC0-301F-11D3-BF4B-00C04F79EFBC}") = "NKZSoft.Payment.Service.Common", "src\NKZSoft.Payment.Service\src\NKZSoft.Payment.Service.Common\NKZSoft.Payment.Service.Common.csproj", "{FCA1FEC4-CA2D-4084-9590-4D085906406A}"
EndProject
Project("{FAE04EC0-301F-11D3-BF4B-00C04F79EFBC}") = "NKZSoft.Payment.Service.Domain", "src\NKZSoft.Payment.Service\src\NKZSoft.Payment.Service.Domain\NKZSoft.Payment.Service.Domain.csproj", "{28DD09BA-C5F8-4CDC-BFCC-B5056019B968}"
EndProject
Project("{FAE04EC0-301F-11D3-BF4B-00C04F79EFBC}") = "NKZSoft.Payment.Service.EFCore.Caching.Redis", "src\NKZSoft.Payment.Service\src\NKZSoft.Payment.Service.EFCore.Caching.Redis\NKZSoft.Payment.Service.EFCore.Caching.Redis.csproj", "{F1C5D7D7-3594-4AAF-84E1-E1C6B895CEA1}"
EndProject
Project("{FAE04EC0-301F-11D3-BF4B-00C04F79EFBC}") = "NKZSoft.Payment.Service.Infrastructure.Core", "src\NKZSoft.Payment.Service\src\NKZSoft.Payment.Service.Infrastructure.Core\NKZSoft.Payment.Service.Infrastructure.Core.csproj", "{5DD32BF8-5BC4-45B7-AE30-B4C8B177BEB2}"
EndProject
Project("{FAE04EC0-301F-11D3-BF4B-00C04F79EFBC}") = "NKZSoft.Payment.Service.MessageBrokers.RabbitMq", "src\NKZSoft.Payment.Service\src\NKZSoft.Payment.Service.MessageBrokers.RabbitMq\NKZSoft.Payment.Service.MessageBrokers.RabbitMq.csproj", "{2E3B685E-8A2D-4B6B-958A-70CEFC615A0A}"
EndProject
Project("{2150E333-8FDC-42A3-9474-1A3956D46DE8}") = "Gateway", "Gateway", "{C5385BFC-BEC9-4B7B-8F18-C10E501789AB}"
EndProject
Project("{2150E333-8FDC-42A3-9474-1A3956D46DE8}") = "src", "src", "{C00FFEA5-1F08-4168-9CC7-6D4316E3E045}"
EndProject
Project("{2150E333-8FDC-42A3-9474-1A3956D46DE8}") = "tests", "tests", "{3E51A24E-4A8C-4F8B-A32A-DE22A1EE687E}"
EndProject
Project("{FAE04EC0-301F-11D3-BF4B-00C04F79EFBC}") = "NKZSoft.Gateway.API", "src\NKZSoft.Gateway.Service\src\NKZSoft.Gateway.API\NKZSoft.Gateway.API.csproj", "{1461A4F6-7828-4692-8BA1-392C26E03E74}"
EndProject
Project("{FAE04EC0-301F-11D3-BF4B-00C04F79EFBC}") = "NKZSoft.Payment.Service.Presentation.Rest", "src\NKZSoft.Payment.Service\src\NKZSoft.Payment.Service.Presentation.Rest\NKZSoft.Payment.Service.Presentation.Rest.csproj", "{34266BD3-F858-4224-A253-0837C8D91234}"
EndProject
Project("{FAE04EC0-301F-11D3-BF4B-00C04F79EFBC}") = "NKZSoft.Payment.Service.Presentation.Starter", "src\NKZSoft.Payment.Service\src\NKZSoft.Payment.Service.Presentation.Starter\NKZSoft.Payment.Service.Presentation.Starter.csproj", "{0A69494A-C833-4D48-9B75-792F301BA70C}"
EndProject
Project("{FAE04EC0-301F-11D3-BF4B-00C04F79EFBC}") = "NKZSoft.Payment.Service.Persistence.PostgreSQL", "src\NKZSoft.Payment.Service\src\NKZSoft.Payment.Service.Persistence.PostgreSQL\NKZSoft.Payment.Service.Persistence.PostgreSQL.csproj", "{69B460B8-3161-46EA-B80B-6744CCAAD23D}"
EndProject
Project("{FAE04EC0-301F-11D3-BF4B-00C04F79EFBC}") = "NKZSoft.Bucket.Service.Common.Tests", "src\NKZSoft.Bucket.Service\tests\NKZSoft.Bucket.Service.Common.Tests\NKZSoft.Bucket.Service.Common.Tests.csproj", "{B7C0F91E-2BBE-47E0-954D-52AA57C50E66}"
EndProject
Global
	GlobalSection(SolutionConfigurationPlatforms) = preSolution
		Debug|Any CPU = Debug|Any CPU
		Release|Any CPU = Release|Any CPU
	EndGlobalSection
	GlobalSection(ProjectConfigurationPlatforms) = postSolution
		{4CFA52F5-E71B-42C2-A3EA-31AE863A71D0}.Debug|Any CPU.ActiveCfg = Debug|Any CPU
		{4CFA52F5-E71B-42C2-A3EA-31AE863A71D0}.Debug|Any CPU.Build.0 = Debug|Any CPU
		{4CFA52F5-E71B-42C2-A3EA-31AE863A71D0}.Release|Any CPU.ActiveCfg = Release|Any CPU
		{4CFA52F5-E71B-42C2-A3EA-31AE863A71D0}.Release|Any CPU.Build.0 = Release|Any CPU
		{C109199D-6EFF-4F78-A875-4CE9D9FA7A7A}.Debug|Any CPU.ActiveCfg = Debug|Any CPU
		{C109199D-6EFF-4F78-A875-4CE9D9FA7A7A}.Debug|Any CPU.Build.0 = Debug|Any CPU
		{C109199D-6EFF-4F78-A875-4CE9D9FA7A7A}.Release|Any CPU.ActiveCfg = Release|Any CPU
		{C109199D-6EFF-4F78-A875-4CE9D9FA7A7A}.Release|Any CPU.Build.0 = Release|Any CPU
		{F1B1B535-9C68-40E0-A5FE-D1BE9BBBF1D3}.Debug|Any CPU.ActiveCfg = Debug|Any CPU
		{F1B1B535-9C68-40E0-A5FE-D1BE9BBBF1D3}.Debug|Any CPU.Build.0 = Debug|Any CPU
		{F1B1B535-9C68-40E0-A5FE-D1BE9BBBF1D3}.Release|Any CPU.ActiveCfg = Release|Any CPU
		{F1B1B535-9C68-40E0-A5FE-D1BE9BBBF1D3}.Release|Any CPU.Build.0 = Release|Any CPU
		{37A0F33B-DCEB-4E95-8D91-BCC5362D0747}.Debug|Any CPU.ActiveCfg = Debug|Any CPU
		{37A0F33B-DCEB-4E95-8D91-BCC5362D0747}.Debug|Any CPU.Build.0 = Debug|Any CPU
		{37A0F33B-DCEB-4E95-8D91-BCC5362D0747}.Release|Any CPU.ActiveCfg = Release|Any CPU
		{37A0F33B-DCEB-4E95-8D91-BCC5362D0747}.Release|Any CPU.Build.0 = Release|Any CPU
		{2FD08524-42A6-4915-A8AD-54A616EE9598}.Debug|Any CPU.ActiveCfg = Debug|Any CPU
		{2FD08524-42A6-4915-A8AD-54A616EE9598}.Debug|Any CPU.Build.0 = Debug|Any CPU
		{2FD08524-42A6-4915-A8AD-54A616EE9598}.Release|Any CPU.ActiveCfg = Release|Any CPU
		{2FD08524-42A6-4915-A8AD-54A616EE9598}.Release|Any CPU.Build.0 = Release|Any CPU
		{7D970C41-F894-49D7-BF17-B6DD81441D7C}.Debug|Any CPU.ActiveCfg = Debug|Any CPU
		{7D970C41-F894-49D7-BF17-B6DD81441D7C}.Debug|Any CPU.Build.0 = Debug|Any CPU
		{7D970C41-F894-49D7-BF17-B6DD81441D7C}.Release|Any CPU.ActiveCfg = Release|Any CPU
		{7D970C41-F894-49D7-BF17-B6DD81441D7C}.Release|Any CPU.Build.0 = Release|Any CPU
		{4B1C30F9-BD7D-49E9-AFCA-264BC28D07DD}.Debug|Any CPU.ActiveCfg = Debug|Any CPU
		{4B1C30F9-BD7D-49E9-AFCA-264BC28D07DD}.Debug|Any CPU.Build.0 = Debug|Any CPU
		{4B1C30F9-BD7D-49E9-AFCA-264BC28D07DD}.Release|Any CPU.ActiveCfg = Release|Any CPU
		{4B1C30F9-BD7D-49E9-AFCA-264BC28D07DD}.Release|Any CPU.Build.0 = Release|Any CPU
		{95058401-C036-4BC5-9FE9-3552E5CA7CEF}.Debug|Any CPU.ActiveCfg = Debug|Any CPU
		{95058401-C036-4BC5-9FE9-3552E5CA7CEF}.Debug|Any CPU.Build.0 = Debug|Any CPU
		{95058401-C036-4BC5-9FE9-3552E5CA7CEF}.Release|Any CPU.ActiveCfg = Release|Any CPU
		{95058401-C036-4BC5-9FE9-3552E5CA7CEF}.Release|Any CPU.Build.0 = Release|Any CPU
		{2220F238-43CF-498F-9DD6-C163FCBC271B}.Debug|Any CPU.ActiveCfg = Debug|Any CPU
		{2220F238-43CF-498F-9DD6-C163FCBC271B}.Debug|Any CPU.Build.0 = Debug|Any CPU
		{2220F238-43CF-498F-9DD6-C163FCBC271B}.Release|Any CPU.ActiveCfg = Release|Any CPU
		{2220F238-43CF-498F-9DD6-C163FCBC271B}.Release|Any CPU.Build.0 = Release|Any CPU
		{78338E0F-F191-4C63-96E5-B4870FB65F51}.Debug|Any CPU.ActiveCfg = Debug|Any CPU
		{78338E0F-F191-4C63-96E5-B4870FB65F51}.Debug|Any CPU.Build.0 = Debug|Any CPU
		{78338E0F-F191-4C63-96E5-B4870FB65F51}.Release|Any CPU.ActiveCfg = Release|Any CPU
		{78338E0F-F191-4C63-96E5-B4870FB65F51}.Release|Any CPU.Build.0 = Release|Any CPU
		{E37D9354-DC35-4B5A-85CC-235A3D14E7CF}.Debug|Any CPU.ActiveCfg = Debug|Any CPU
		{E37D9354-DC35-4B5A-85CC-235A3D14E7CF}.Debug|Any CPU.Build.0 = Debug|Any CPU
		{E37D9354-DC35-4B5A-85CC-235A3D14E7CF}.Release|Any CPU.ActiveCfg = Release|Any CPU
		{E37D9354-DC35-4B5A-85CC-235A3D14E7CF}.Release|Any CPU.Build.0 = Release|Any CPU
		{8451D513-881C-46C0-9D94-9A5601A16F21}.Debug|Any CPU.ActiveCfg = Debug|Any CPU
		{8451D513-881C-46C0-9D94-9A5601A16F21}.Debug|Any CPU.Build.0 = Debug|Any CPU
		{8451D513-881C-46C0-9D94-9A5601A16F21}.Release|Any CPU.ActiveCfg = Release|Any CPU
		{8451D513-881C-46C0-9D94-9A5601A16F21}.Release|Any CPU.Build.0 = Release|Any CPU
		{CF0CB70A-5EE9-4B98-86CD-9656406DEC2B}.Debug|Any CPU.ActiveCfg = Debug|Any CPU
		{CF0CB70A-5EE9-4B98-86CD-9656406DEC2B}.Debug|Any CPU.Build.0 = Debug|Any CPU
		{CF0CB70A-5EE9-4B98-86CD-9656406DEC2B}.Release|Any CPU.ActiveCfg = Release|Any CPU
		{CF0CB70A-5EE9-4B98-86CD-9656406DEC2B}.Release|Any CPU.Build.0 = Release|Any CPU
		{152482D5-6D54-4039-A7C5-446E8CE9ED8B}.Debug|Any CPU.ActiveCfg = Debug|Any CPU
		{152482D5-6D54-4039-A7C5-446E8CE9ED8B}.Debug|Any CPU.Build.0 = Debug|Any CPU
		{152482D5-6D54-4039-A7C5-446E8CE9ED8B}.Release|Any CPU.ActiveCfg = Release|Any CPU
		{152482D5-6D54-4039-A7C5-446E8CE9ED8B}.Release|Any CPU.Build.0 = Release|Any CPU
		{4435285B-DE2C-4213-B8A1-F4FE75669C48}.Debug|Any CPU.ActiveCfg = Debug|Any CPU
		{4435285B-DE2C-4213-B8A1-F4FE75669C48}.Debug|Any CPU.Build.0 = Debug|Any CPU
		{4435285B-DE2C-4213-B8A1-F4FE75669C48}.Release|Any CPU.ActiveCfg = Release|Any CPU
		{4435285B-DE2C-4213-B8A1-F4FE75669C48}.Release|Any CPU.Build.0 = Release|Any CPU
		{67B1911B-6957-4BA0-B206-89EFF6CD243E}.Debug|Any CPU.ActiveCfg = Debug|Any CPU
		{67B1911B-6957-4BA0-B206-89EFF6CD243E}.Debug|Any CPU.Build.0 = Debug|Any CPU
		{67B1911B-6957-4BA0-B206-89EFF6CD243E}.Release|Any CPU.ActiveCfg = Release|Any CPU
		{67B1911B-6957-4BA0-B206-89EFF6CD243E}.Release|Any CPU.Build.0 = Release|Any CPU
		{2E604869-3022-45E7-8DA6-ADB48B4C36FA}.Debug|Any CPU.ActiveCfg = Debug|Any CPU
		{2E604869-3022-45E7-8DA6-ADB48B4C36FA}.Debug|Any CPU.Build.0 = Debug|Any CPU
		{2E604869-3022-45E7-8DA6-ADB48B4C36FA}.Release|Any CPU.ActiveCfg = Release|Any CPU
		{2E604869-3022-45E7-8DA6-ADB48B4C36FA}.Release|Any CPU.Build.0 = Release|Any CPU
		{D6BAC9A1-67EE-456A-A90D-6AA12787EA45}.Debug|Any CPU.ActiveCfg = Debug|Any CPU
		{D6BAC9A1-67EE-456A-A90D-6AA12787EA45}.Debug|Any CPU.Build.0 = Debug|Any CPU
		{D6BAC9A1-67EE-456A-A90D-6AA12787EA45}.Release|Any CPU.ActiveCfg = Release|Any CPU
		{D6BAC9A1-67EE-456A-A90D-6AA12787EA45}.Release|Any CPU.Build.0 = Release|Any CPU
		{2A702380-D03D-4441-AB24-598EC754F1C5}.Debug|Any CPU.ActiveCfg = Debug|Any CPU
		{2A702380-D03D-4441-AB24-598EC754F1C5}.Debug|Any CPU.Build.0 = Debug|Any CPU
		{2A702380-D03D-4441-AB24-598EC754F1C5}.Release|Any CPU.ActiveCfg = Release|Any CPU
		{2A702380-D03D-4441-AB24-598EC754F1C5}.Release|Any CPU.Build.0 = Release|Any CPU
		{447755EB-76A2-4234-953A-C6C3383AF6FD}.Debug|Any CPU.ActiveCfg = Debug|Any CPU
		{447755EB-76A2-4234-953A-C6C3383AF6FD}.Debug|Any CPU.Build.0 = Debug|Any CPU
		{447755EB-76A2-4234-953A-C6C3383AF6FD}.Release|Any CPU.ActiveCfg = Release|Any CPU
		{447755EB-76A2-4234-953A-C6C3383AF6FD}.Release|Any CPU.Build.0 = Release|Any CPU
		{206E93CF-0485-439F-B2B0-9019FDBC1807}.Debug|Any CPU.ActiveCfg = Debug|Any CPU
		{206E93CF-0485-439F-B2B0-9019FDBC1807}.Debug|Any CPU.Build.0 = Debug|Any CPU
		{206E93CF-0485-439F-B2B0-9019FDBC1807}.Release|Any CPU.ActiveCfg = Release|Any CPU
		{206E93CF-0485-439F-B2B0-9019FDBC1807}.Release|Any CPU.Build.0 = Release|Any CPU
		{99A83490-B5E3-449C-9E0B-35BD6EA66459}.Debug|Any CPU.ActiveCfg = Debug|Any CPU
		{99A83490-B5E3-449C-9E0B-35BD6EA66459}.Debug|Any CPU.Build.0 = Debug|Any CPU
		{99A83490-B5E3-449C-9E0B-35BD6EA66459}.Release|Any CPU.ActiveCfg = Release|Any CPU
		{99A83490-B5E3-449C-9E0B-35BD6EA66459}.Release|Any CPU.Build.0 = Release|Any CPU
		{383175AA-C9D8-40BE-9F01-A4D7E669DAFB}.Debug|Any CPU.ActiveCfg = Debug|Any CPU
		{383175AA-C9D8-40BE-9F01-A4D7E669DAFB}.Debug|Any CPU.Build.0 = Debug|Any CPU
		{383175AA-C9D8-40BE-9F01-A4D7E669DAFB}.Release|Any CPU.ActiveCfg = Release|Any CPU
		{383175AA-C9D8-40BE-9F01-A4D7E669DAFB}.Release|Any CPU.Build.0 = Release|Any CPU
		{37C88623-4F76-4B59-B735-3D75E7748CA4}.Debug|Any CPU.ActiveCfg = Debug|Any CPU
		{37C88623-4F76-4B59-B735-3D75E7748CA4}.Debug|Any CPU.Build.0 = Debug|Any CPU
		{37C88623-4F76-4B59-B735-3D75E7748CA4}.Release|Any CPU.ActiveCfg = Release|Any CPU
		{37C88623-4F76-4B59-B735-3D75E7748CA4}.Release|Any CPU.Build.0 = Release|Any CPU
		{D56D0387-1937-4774-AF94-EEAA4D1C2ACA}.Debug|Any CPU.ActiveCfg = Debug|Any CPU
		{D56D0387-1937-4774-AF94-EEAA4D1C2ACA}.Debug|Any CPU.Build.0 = Debug|Any CPU
		{D56D0387-1937-4774-AF94-EEAA4D1C2ACA}.Release|Any CPU.ActiveCfg = Release|Any CPU
		{D56D0387-1937-4774-AF94-EEAA4D1C2ACA}.Release|Any CPU.Build.0 = Release|Any CPU
		{0AEF5E12-6D2C-4375-85C5-DB3FD1E3E33B}.Debug|Any CPU.ActiveCfg = Debug|Any CPU
		{0AEF5E12-6D2C-4375-85C5-DB3FD1E3E33B}.Debug|Any CPU.Build.0 = Debug|Any CPU
		{0AEF5E12-6D2C-4375-85C5-DB3FD1E3E33B}.Release|Any CPU.ActiveCfg = Release|Any CPU
		{0AEF5E12-6D2C-4375-85C5-DB3FD1E3E33B}.Release|Any CPU.Build.0 = Release|Any CPU
		{6E0D9E7E-43EC-4C7B-B3EE-FD68FE740A59}.Debug|Any CPU.ActiveCfg = Debug|Any CPU
		{6E0D9E7E-43EC-4C7B-B3EE-FD68FE740A59}.Debug|Any CPU.Build.0 = Debug|Any CPU
		{6E0D9E7E-43EC-4C7B-B3EE-FD68FE740A59}.Release|Any CPU.ActiveCfg = Release|Any CPU
		{6E0D9E7E-43EC-4C7B-B3EE-FD68FE740A59}.Release|Any CPU.Build.0 = Release|Any CPU
		{9D961E77-DAC5-4E72-B082-4B4ABC88B005}.Debug|Any CPU.ActiveCfg = Debug|Any CPU
		{9D961E77-DAC5-4E72-B082-4B4ABC88B005}.Debug|Any CPU.Build.0 = Debug|Any CPU
		{9D961E77-DAC5-4E72-B082-4B4ABC88B005}.Release|Any CPU.ActiveCfg = Release|Any CPU
		{9D961E77-DAC5-4E72-B082-4B4ABC88B005}.Release|Any CPU.Build.0 = Release|Any CPU
		{C7ECAF7C-0E85-4002-B281-E182CAEBDAC8}.Debug|Any CPU.ActiveCfg = Debug|Any CPU
		{C7ECAF7C-0E85-4002-B281-E182CAEBDAC8}.Debug|Any CPU.Build.0 = Debug|Any CPU
		{C7ECAF7C-0E85-4002-B281-E182CAEBDAC8}.Release|Any CPU.ActiveCfg = Release|Any CPU
		{C7ECAF7C-0E85-4002-B281-E182CAEBDAC8}.Release|Any CPU.Build.0 = Release|Any CPU
		{0BD97820-B8BC-4869-BAF0-637AF6549D5F}.Debug|Any CPU.ActiveCfg = Debug|Any CPU
		{0BD97820-B8BC-4869-BAF0-637AF6549D5F}.Debug|Any CPU.Build.0 = Debug|Any CPU
		{0BD97820-B8BC-4869-BAF0-637AF6549D5F}.Release|Any CPU.ActiveCfg = Release|Any CPU
		{0BD97820-B8BC-4869-BAF0-637AF6549D5F}.Release|Any CPU.Build.0 = Release|Any CPU
		{086B402F-4F00-465E-8900-D9C0D08E8778}.Debug|Any CPU.ActiveCfg = Debug|Any CPU
		{086B402F-4F00-465E-8900-D9C0D08E8778}.Debug|Any CPU.Build.0 = Debug|Any CPU
		{086B402F-4F00-465E-8900-D9C0D08E8778}.Release|Any CPU.ActiveCfg = Release|Any CPU
		{086B402F-4F00-465E-8900-D9C0D08E8778}.Release|Any CPU.Build.0 = Release|Any CPU
		{E6CE1F16-52F7-40BE-B0B4-5195B41CA0B0}.Debug|Any CPU.ActiveCfg = Debug|Any CPU
		{E6CE1F16-52F7-40BE-B0B4-5195B41CA0B0}.Debug|Any CPU.Build.0 = Debug|Any CPU
		{E6CE1F16-52F7-40BE-B0B4-5195B41CA0B0}.Release|Any CPU.ActiveCfg = Release|Any CPU
		{E6CE1F16-52F7-40BE-B0B4-5195B41CA0B0}.Release|Any CPU.Build.0 = Release|Any CPU
		{0F0F5809-84A6-4BC9-AB32-E754E351DCB1}.Debug|Any CPU.ActiveCfg = Debug|Any CPU
		{0F0F5809-84A6-4BC9-AB32-E754E351DCB1}.Debug|Any CPU.Build.0 = Debug|Any CPU
		{0F0F5809-84A6-4BC9-AB32-E754E351DCB1}.Release|Any CPU.ActiveCfg = Release|Any CPU
		{0F0F5809-84A6-4BC9-AB32-E754E351DCB1}.Release|Any CPU.Build.0 = Release|Any CPU
		{77739B5C-452B-4B91-9B4B-893073047A9F}.Debug|Any CPU.ActiveCfg = Debug|Any CPU
		{77739B5C-452B-4B91-9B4B-893073047A9F}.Debug|Any CPU.Build.0 = Debug|Any CPU
		{77739B5C-452B-4B91-9B4B-893073047A9F}.Release|Any CPU.ActiveCfg = Release|Any CPU
		{77739B5C-452B-4B91-9B4B-893073047A9F}.Release|Any CPU.Build.0 = Release|Any CPU
		{3D36FD34-96BC-49E7-BFF0-CB5350AFD6F6}.Debug|Any CPU.ActiveCfg = Debug|Any CPU
		{3D36FD34-96BC-49E7-BFF0-CB5350AFD6F6}.Debug|Any CPU.Build.0 = Debug|Any CPU
		{3D36FD34-96BC-49E7-BFF0-CB5350AFD6F6}.Release|Any CPU.ActiveCfg = Release|Any CPU
		{3D36FD34-96BC-49E7-BFF0-CB5350AFD6F6}.Release|Any CPU.Build.0 = Release|Any CPU
		{53227F47-F142-464E-ACF4-029CA3903A52}.Debug|Any CPU.ActiveCfg = Debug|Any CPU
		{53227F47-F142-464E-ACF4-029CA3903A52}.Debug|Any CPU.Build.0 = Debug|Any CPU
		{53227F47-F142-464E-ACF4-029CA3903A52}.Release|Any CPU.ActiveCfg = Release|Any CPU
		{53227F47-F142-464E-ACF4-029CA3903A52}.Release|Any CPU.Build.0 = Release|Any CPU
		{A2FFB8A5-FD8C-463B-82B4-BA73E72276D7}.Debug|Any CPU.ActiveCfg = Debug|Any CPU
		{A2FFB8A5-FD8C-463B-82B4-BA73E72276D7}.Debug|Any CPU.Build.0 = Debug|Any CPU
		{A2FFB8A5-FD8C-463B-82B4-BA73E72276D7}.Release|Any CPU.ActiveCfg = Release|Any CPU
		{A2FFB8A5-FD8C-463B-82B4-BA73E72276D7}.Release|Any CPU.Build.0 = Release|Any CPU
		{A91B6C49-DFFF-49A9-8328-B5D10C3B12D4}.Debug|Any CPU.ActiveCfg = Debug|Any CPU
		{A91B6C49-DFFF-49A9-8328-B5D10C3B12D4}.Debug|Any CPU.Build.0 = Debug|Any CPU
		{A91B6C49-DFFF-49A9-8328-B5D10C3B12D4}.Release|Any CPU.ActiveCfg = Release|Any CPU
		{A91B6C49-DFFF-49A9-8328-B5D10C3B12D4}.Release|Any CPU.Build.0 = Release|Any CPU
		{6698B95C-3133-41D8-9DE3-E7F49B204E51}.Debug|Any CPU.ActiveCfg = Debug|Any CPU
		{6698B95C-3133-41D8-9DE3-E7F49B204E51}.Debug|Any CPU.Build.0 = Debug|Any CPU
		{6698B95C-3133-41D8-9DE3-E7F49B204E51}.Release|Any CPU.ActiveCfg = Release|Any CPU
		{6698B95C-3133-41D8-9DE3-E7F49B204E51}.Release|Any CPU.Build.0 = Release|Any CPU
		{84C31E1B-5586-4155-AADC-FE93FBD5C6F0}.Debug|Any CPU.ActiveCfg = Debug|Any CPU
		{84C31E1B-5586-4155-AADC-FE93FBD5C6F0}.Debug|Any CPU.Build.0 = Debug|Any CPU
		{84C31E1B-5586-4155-AADC-FE93FBD5C6F0}.Release|Any CPU.ActiveCfg = Release|Any CPU
		{84C31E1B-5586-4155-AADC-FE93FBD5C6F0}.Release|Any CPU.Build.0 = Release|Any CPU
		{878B3DC7-C02A-415F-9161-CAFFE5815886}.Debug|Any CPU.ActiveCfg = Debug|Any CPU
		{878B3DC7-C02A-415F-9161-CAFFE5815886}.Debug|Any CPU.Build.0 = Debug|Any CPU
		{878B3DC7-C02A-415F-9161-CAFFE5815886}.Release|Any CPU.ActiveCfg = Release|Any CPU
		{878B3DC7-C02A-415F-9161-CAFFE5815886}.Release|Any CPU.Build.0 = Release|Any CPU
		{BC4F9728-0F2A-4854-9B24-7437F489573F}.Debug|Any CPU.ActiveCfg = Debug|Any CPU
		{BC4F9728-0F2A-4854-9B24-7437F489573F}.Debug|Any CPU.Build.0 = Debug|Any CPU
		{BC4F9728-0F2A-4854-9B24-7437F489573F}.Release|Any CPU.ActiveCfg = Release|Any CPU
		{BC4F9728-0F2A-4854-9B24-7437F489573F}.Release|Any CPU.Build.0 = Release|Any CPU
		{A4AFC75A-D3A7-4AC3-A5D5-2B2AC8143AF0}.Debug|Any CPU.ActiveCfg = Debug|Any CPU
		{A4AFC75A-D3A7-4AC3-A5D5-2B2AC8143AF0}.Debug|Any CPU.Build.0 = Debug|Any CPU
		{A4AFC75A-D3A7-4AC3-A5D5-2B2AC8143AF0}.Release|Any CPU.ActiveCfg = Release|Any CPU
		{A4AFC75A-D3A7-4AC3-A5D5-2B2AC8143AF0}.Release|Any CPU.Build.0 = Release|Any CPU
		{8379D3F6-20DB-4795-8371-25FC6170CDE7}.Debug|Any CPU.ActiveCfg = Debug|Any CPU
		{8379D3F6-20DB-4795-8371-25FC6170CDE7}.Debug|Any CPU.Build.0 = Debug|Any CPU
		{8379D3F6-20DB-4795-8371-25FC6170CDE7}.Release|Any CPU.ActiveCfg = Release|Any CPU
		{8379D3F6-20DB-4795-8371-25FC6170CDE7}.Release|Any CPU.Build.0 = Release|Any CPU
		{84834949-4A91-427D-A388-FB1EFD26DAD6}.Debug|Any CPU.ActiveCfg = Debug|Any CPU
		{84834949-4A91-427D-A388-FB1EFD26DAD6}.Debug|Any CPU.Build.0 = Debug|Any CPU
		{84834949-4A91-427D-A388-FB1EFD26DAD6}.Release|Any CPU.ActiveCfg = Release|Any CPU
		{84834949-4A91-427D-A388-FB1EFD26DAD6}.Release|Any CPU.Build.0 = Release|Any CPU
		{AB762D54-B603-4F77-8EAE-12109B147034}.Debug|Any CPU.ActiveCfg = Debug|Any CPU
		{AB762D54-B603-4F77-8EAE-12109B147034}.Debug|Any CPU.Build.0 = Debug|Any CPU
		{AB762D54-B603-4F77-8EAE-12109B147034}.Release|Any CPU.ActiveCfg = Release|Any CPU
		{AB762D54-B603-4F77-8EAE-12109B147034}.Release|Any CPU.Build.0 = Release|Any CPU
		{FCA1FEC4-CA2D-4084-9590-4D085906406A}.Debug|Any CPU.ActiveCfg = Debug|Any CPU
		{FCA1FEC4-CA2D-4084-9590-4D085906406A}.Debug|Any CPU.Build.0 = Debug|Any CPU
		{FCA1FEC4-CA2D-4084-9590-4D085906406A}.Release|Any CPU.ActiveCfg = Release|Any CPU
		{FCA1FEC4-CA2D-4084-9590-4D085906406A}.Release|Any CPU.Build.0 = Release|Any CPU
		{28DD09BA-C5F8-4CDC-BFCC-B5056019B968}.Debug|Any CPU.ActiveCfg = Debug|Any CPU
		{28DD09BA-C5F8-4CDC-BFCC-B5056019B968}.Debug|Any CPU.Build.0 = Debug|Any CPU
		{28DD09BA-C5F8-4CDC-BFCC-B5056019B968}.Release|Any CPU.ActiveCfg = Release|Any CPU
		{28DD09BA-C5F8-4CDC-BFCC-B5056019B968}.Release|Any CPU.Build.0 = Release|Any CPU
		{F1C5D7D7-3594-4AAF-84E1-E1C6B895CEA1}.Debug|Any CPU.ActiveCfg = Debug|Any CPU
		{F1C5D7D7-3594-4AAF-84E1-E1C6B895CEA1}.Debug|Any CPU.Build.0 = Debug|Any CPU
		{F1C5D7D7-3594-4AAF-84E1-E1C6B895CEA1}.Release|Any CPU.ActiveCfg = Release|Any CPU
		{F1C5D7D7-3594-4AAF-84E1-E1C6B895CEA1}.Release|Any CPU.Build.0 = Release|Any CPU
		{5DD32BF8-5BC4-45B7-AE30-B4C8B177BEB2}.Debug|Any CPU.ActiveCfg = Debug|Any CPU
		{5DD32BF8-5BC4-45B7-AE30-B4C8B177BEB2}.Debug|Any CPU.Build.0 = Debug|Any CPU
		{5DD32BF8-5BC4-45B7-AE30-B4C8B177BEB2}.Release|Any CPU.ActiveCfg = Release|Any CPU
		{5DD32BF8-5BC4-45B7-AE30-B4C8B177BEB2}.Release|Any CPU.Build.0 = Release|Any CPU
		{2E3B685E-8A2D-4B6B-958A-70CEFC615A0A}.Debug|Any CPU.ActiveCfg = Debug|Any CPU
		{2E3B685E-8A2D-4B6B-958A-70CEFC615A0A}.Debug|Any CPU.Build.0 = Debug|Any CPU
		{2E3B685E-8A2D-4B6B-958A-70CEFC615A0A}.Release|Any CPU.ActiveCfg = Release|Any CPU
		{2E3B685E-8A2D-4B6B-958A-70CEFC615A0A}.Release|Any CPU.Build.0 = Release|Any CPU
		{1461A4F6-7828-4692-8BA1-392C26E03E74}.Debug|Any CPU.ActiveCfg = Debug|Any CPU
		{1461A4F6-7828-4692-8BA1-392C26E03E74}.Debug|Any CPU.Build.0 = Debug|Any CPU
		{1461A4F6-7828-4692-8BA1-392C26E03E74}.Release|Any CPU.ActiveCfg = Release|Any CPU
		{1461A4F6-7828-4692-8BA1-392C26E03E74}.Release|Any CPU.Build.0 = Release|Any CPU
		{34266BD3-F858-4224-A253-0837C8D91234}.Debug|Any CPU.ActiveCfg = Debug|Any CPU
		{34266BD3-F858-4224-A253-0837C8D91234}.Debug|Any CPU.Build.0 = Debug|Any CPU
		{34266BD3-F858-4224-A253-0837C8D91234}.Release|Any CPU.ActiveCfg = Release|Any CPU
		{34266BD3-F858-4224-A253-0837C8D91234}.Release|Any CPU.Build.0 = Release|Any CPU
		{0A69494A-C833-4D48-9B75-792F301BA70C}.Debug|Any CPU.ActiveCfg = Debug|Any CPU
		{0A69494A-C833-4D48-9B75-792F301BA70C}.Debug|Any CPU.Build.0 = Debug|Any CPU
		{0A69494A-C833-4D48-9B75-792F301BA70C}.Release|Any CPU.ActiveCfg = Release|Any CPU
		{0A69494A-C833-4D48-9B75-792F301BA70C}.Release|Any CPU.Build.0 = Release|Any CPU
		{69B460B8-3161-46EA-B80B-6744CCAAD23D}.Debug|Any CPU.ActiveCfg = Debug|Any CPU
		{69B460B8-3161-46EA-B80B-6744CCAAD23D}.Debug|Any CPU.Build.0 = Debug|Any CPU
		{69B460B8-3161-46EA-B80B-6744CCAAD23D}.Release|Any CPU.ActiveCfg = Release|Any CPU
		{69B460B8-3161-46EA-B80B-6744CCAAD23D}.Release|Any CPU.Build.0 = Release|Any CPU
		{B7C0F91E-2BBE-47E0-954D-52AA57C50E66}.Debug|Any CPU.ActiveCfg = Debug|Any CPU
		{B7C0F91E-2BBE-47E0-954D-52AA57C50E66}.Debug|Any CPU.Build.0 = Debug|Any CPU
		{B7C0F91E-2BBE-47E0-954D-52AA57C50E66}.Release|Any CPU.ActiveCfg = Release|Any CPU
		{B7C0F91E-2BBE-47E0-954D-52AA57C50E66}.Release|Any CPU.Build.0 = Release|Any CPU
	EndGlobalSection
	GlobalSection(SolutionProperties) = preSolution
		HideSolutionNode = FALSE
	EndGlobalSection
	GlobalSection(NestedProjects) = preSolution
		{6ED356A7-8B47-4613-AD01-C85CF28491BD} = {559E0C41-C190-4F2B-9207-B188384529A2}
		{664D406C-2F83-48F0-BFC3-408D5CB53C65} = {559E0C41-C190-4F2B-9207-B188384529A2}
		{27533508-5FAD-4228-ADB9-10DD5CFA00F0} = {6DA7A25E-9209-433F-AEE3-74F91D6C6DA1}
		{559E0C41-C190-4F2B-9207-B188384529A2} = {7B8DBD4C-0837-4FA2-A11B-EA86ADF68A2E}
		{F4ABC220-915A-4A20-8EFD-7277ED05A942} = {6ED356A7-8B47-4613-AD01-C85CF28491BD}
		{49A6DB3E-CD91-4808-9A7E-6C88E49E2091} = {6ED356A7-8B47-4613-AD01-C85CF28491BD}
		{9E0183F9-395A-484B-8E9F-90D7F74162DF} = {6ED356A7-8B47-4613-AD01-C85CF28491BD}
		{64E0A695-DD68-4BCE-A6A7-690DA87F7189} = {6ED356A7-8B47-4613-AD01-C85CF28491BD}
		{C63FD9E3-CAC7-4559-BFDD-0EEFA19BBDF9} = {6ED356A7-8B47-4613-AD01-C85CF28491BD}
		{4CFA52F5-E71B-42C2-A3EA-31AE863A71D0} = {F4ABC220-915A-4A20-8EFD-7277ED05A942}
		{C109199D-6EFF-4F78-A875-4CE9D9FA7A7A} = {F4ABC220-915A-4A20-8EFD-7277ED05A942}
		{F1B1B535-9C68-40E0-A5FE-D1BE9BBBF1D3} = {9E0183F9-395A-484B-8E9F-90D7F74162DF}
		{37A0F33B-DCEB-4E95-8D91-BCC5362D0747} = {49A6DB3E-CD91-4808-9A7E-6C88E49E2091}
		{2FD08524-42A6-4915-A8AD-54A616EE9598} = {C63FD9E3-CAC7-4559-BFDD-0EEFA19BBDF9}
		{7D970C41-F894-49D7-BF17-B6DD81441D7C} = {64E0A695-DD68-4BCE-A6A7-690DA87F7189}
		{4B1C30F9-BD7D-49E9-AFCA-264BC28D07DD} = {64E0A695-DD68-4BCE-A6A7-690DA87F7189}
		{95058401-C036-4BC5-9FE9-3552E5CA7CEF} = {64E0A695-DD68-4BCE-A6A7-690DA87F7189}
		{2220F238-43CF-498F-9DD6-C163FCBC271B} = {64E0A695-DD68-4BCE-A6A7-690DA87F7189}
		{78338E0F-F191-4C63-96E5-B4870FB65F51} = {C63FD9E3-CAC7-4559-BFDD-0EEFA19BBDF9}
		{E37D9354-DC35-4B5A-85CC-235A3D14E7CF} = {664D406C-2F83-48F0-BFC3-408D5CB53C65}
		{8451D513-881C-46C0-9D94-9A5601A16F21} = {664D406C-2F83-48F0-BFC3-408D5CB53C65}
		{CF0CB70A-5EE9-4B98-86CD-9656406DEC2B} = {664D406C-2F83-48F0-BFC3-408D5CB53C65}
		{52D4F9B6-9AD4-4B1D-AEF9-53B90E92FEEC} = {7B8DBD4C-0837-4FA2-A11B-EA86ADF68A2E}
		{1079D904-8EC4-4E0E-89CA-D6EA860E5A9F} = {52D4F9B6-9AD4-4B1D-AEF9-53B90E92FEEC}
		{48E13230-B412-4CA9-A8DE-F063673537AC} = {52D4F9B6-9AD4-4B1D-AEF9-53B90E92FEEC}
		{031D5688-D06B-431E-B526-E21C0147BB6E} = {1079D904-8EC4-4E0E-89CA-D6EA860E5A9F}
		{2CFFCA35-BB18-4D47-B85B-0A948BD5BFF6} = {1079D904-8EC4-4E0E-89CA-D6EA860E5A9F}
		{402C0835-CA0F-457D-A083-2F85F1AAB2E5} = {1079D904-8EC4-4E0E-89CA-D6EA860E5A9F}
		{0518AA54-0BB9-412E-A04F-F3C4AF107D79} = {1079D904-8EC4-4E0E-89CA-D6EA860E5A9F}
		{A0EB6356-1EEC-4A2E-8773-334D84BC136C} = {1079D904-8EC4-4E0E-89CA-D6EA860E5A9F}
		{152482D5-6D54-4039-A7C5-446E8CE9ED8B} = {031D5688-D06B-431E-B526-E21C0147BB6E}
		{4435285B-DE2C-4213-B8A1-F4FE75669C48} = {031D5688-D06B-431E-B526-E21C0147BB6E}
		{67B1911B-6957-4BA0-B206-89EFF6CD243E} = {2CFFCA35-BB18-4D47-B85B-0A948BD5BFF6}
		{2E604869-3022-45E7-8DA6-ADB48B4C36FA} = {402C0835-CA0F-457D-A083-2F85F1AAB2E5}
		{D6BAC9A1-67EE-456A-A90D-6AA12787EA45} = {0518AA54-0BB9-412E-A04F-F3C4AF107D79}
		{2A702380-D03D-4441-AB24-598EC754F1C5} = {0518AA54-0BB9-412E-A04F-F3C4AF107D79}
		{447755EB-76A2-4234-953A-C6C3383AF6FD} = {0518AA54-0BB9-412E-A04F-F3C4AF107D79}
		{206E93CF-0485-439F-B2B0-9019FDBC1807} = {0518AA54-0BB9-412E-A04F-F3C4AF107D79}
		{99A83490-B5E3-449C-9E0B-35BD6EA66459} = {A0EB6356-1EEC-4A2E-8773-334D84BC136C}
		{383175AA-C9D8-40BE-9F01-A4D7E669DAFB} = {A0EB6356-1EEC-4A2E-8773-334D84BC136C}
		{37C88623-4F76-4B59-B735-3D75E7748CA4} = {48E13230-B412-4CA9-A8DE-F063673537AC}
		{D56D0387-1937-4774-AF94-EEAA4D1C2ACA} = {48E13230-B412-4CA9-A8DE-F063673537AC}
		{0AEF5E12-6D2C-4375-85C5-DB3FD1E3E33B} = {48E13230-B412-4CA9-A8DE-F063673537AC}
		{6E0D9E7E-43EC-4C7B-B3EE-FD68FE740A59} = {48E13230-B412-4CA9-A8DE-F063673537AC}
		{075D841B-90C7-4C4D-9CE7-8247402A0804} = {7B8DBD4C-0837-4FA2-A11B-EA86ADF68A2E}
		{C6E401C1-427C-499B-95AB-F7CA01459BA2} = {7B8DBD4C-0837-4FA2-A11B-EA86ADF68A2E}
		{4DE57744-2089-46F7-958C-43EC172BA645} = {075D841B-90C7-4C4D-9CE7-8247402A0804}
		{FE29BDCA-42F1-405D-9B06-F3CF121FFC6C} = {075D841B-90C7-4C4D-9CE7-8247402A0804}
		{3A433A7B-AE13-4890-B1E0-62D2573A9EED} = {4DE57744-2089-46F7-958C-43EC172BA645}
		{31009BCB-13F0-4691-9217-2886AACF95E3} = {4DE57744-2089-46F7-958C-43EC172BA645}
		{07F67687-13DF-4106-AD48-24093B99A81D} = {4DE57744-2089-46F7-958C-43EC172BA645}
		{FAC5B9D6-8E87-481F-8D5E-94CE8335E0EA} = {4DE57744-2089-46F7-958C-43EC172BA645}
		{DD700CF2-A9C1-4C66-8B75-1EB5907E2513} = {4DE57744-2089-46F7-958C-43EC172BA645}
		{9D961E77-DAC5-4E72-B082-4B4ABC88B005} = {3A433A7B-AE13-4890-B1E0-62D2573A9EED}
		{C7ECAF7C-0E85-4002-B281-E182CAEBDAC8} = {3A433A7B-AE13-4890-B1E0-62D2573A9EED}
		{0BD97820-B8BC-4869-BAF0-637AF6549D5F} = {31009BCB-13F0-4691-9217-2886AACF95E3}
		{086B402F-4F00-465E-8900-D9C0D08E8778} = {07F67687-13DF-4106-AD48-24093B99A81D}
		{E6CE1F16-52F7-40BE-B0B4-5195B41CA0B0} = {FAC5B9D6-8E87-481F-8D5E-94CE8335E0EA}
		{0F0F5809-84A6-4BC9-AB32-E754E351DCB1} = {FAC5B9D6-8E87-481F-8D5E-94CE8335E0EA}
		{77739B5C-452B-4B91-9B4B-893073047A9F} = {FAC5B9D6-8E87-481F-8D5E-94CE8335E0EA}
		{3D36FD34-96BC-49E7-BFF0-CB5350AFD6F6} = {FAC5B9D6-8E87-481F-8D5E-94CE8335E0EA}
		{53227F47-F142-464E-ACF4-029CA3903A52} = {DD700CF2-A9C1-4C66-8B75-1EB5907E2513}
		{A2FFB8A5-FD8C-463B-82B4-BA73E72276D7} = {DD700CF2-A9C1-4C66-8B75-1EB5907E2513}
		{A91B6C49-DFFF-49A9-8328-B5D10C3B12D4} = {FE29BDCA-42F1-405D-9B06-F3CF121FFC6C}
		{6698B95C-3133-41D8-9DE3-E7F49B204E51} = {FE29BDCA-42F1-405D-9B06-F3CF121FFC6C}
		{84C31E1B-5586-4155-AADC-FE93FBD5C6F0} = {FE29BDCA-42F1-405D-9B06-F3CF121FFC6C}
		{C670365F-6AE9-4B83-8BFB-CE81E9E14033} = {C6E401C1-427C-499B-95AB-F7CA01459BA2}
		{28F7EB7B-F440-4326-9C89-800B8003FDE7} = {C6E401C1-427C-499B-95AB-F7CA01459BA2}
		{42F41124-EB82-4EC3-B83D-91B0226BBCE5} = {C670365F-6AE9-4B83-8BFB-CE81E9E14033}
		{8865E516-C712-4F4E-B250-8D35CDD3C33D} = {C670365F-6AE9-4B83-8BFB-CE81E9E14033}
		{AF34021C-9CDB-4519-AAC1-326C36810D2C} = {C670365F-6AE9-4B83-8BFB-CE81E9E14033}
		{05393277-BEA2-4E29-8411-72634D22B62D} = {C670365F-6AE9-4B83-8BFB-CE81E9E14033}
		{6CC777F3-1859-4FC1-9E9C-5587B10F9838} = {C670365F-6AE9-4B83-8BFB-CE81E9E14033}
		{878B3DC7-C02A-415F-9161-CAFFE5815886} = {28F7EB7B-F440-4326-9C89-800B8003FDE7}
		{BC4F9728-0F2A-4854-9B24-7437F489573F} = {28F7EB7B-F440-4326-9C89-800B8003FDE7}
		{A4AFC75A-D3A7-4AC3-A5D5-2B2AC8143AF0} = {28F7EB7B-F440-4326-9C89-800B8003FDE7}
		{8379D3F6-20DB-4795-8371-25FC6170CDE7} = {28F7EB7B-F440-4326-9C89-800B8003FDE7}
		{84834949-4A91-427D-A388-FB1EFD26DAD6} = {42F41124-EB82-4EC3-B83D-91B0226BBCE5}
		{AB762D54-B603-4F77-8EAE-12109B147034} = {42F41124-EB82-4EC3-B83D-91B0226BBCE5}
		{FCA1FEC4-CA2D-4084-9590-4D085906406A} = {8865E516-C712-4F4E-B250-8D35CDD3C33D}
		{28DD09BA-C5F8-4CDC-BFCC-B5056019B968} = {AF34021C-9CDB-4519-AAC1-326C36810D2C}
		{F1C5D7D7-3594-4AAF-84E1-E1C6B895CEA1} = {05393277-BEA2-4E29-8411-72634D22B62D}
		{5DD32BF8-5BC4-45B7-AE30-B4C8B177BEB2} = {05393277-BEA2-4E29-8411-72634D22B62D}
		{2E3B685E-8A2D-4B6B-958A-70CEFC615A0A} = {05393277-BEA2-4E29-8411-72634D22B62D}
		{C5385BFC-BEC9-4B7B-8F18-C10E501789AB} = {7B8DBD4C-0837-4FA2-A11B-EA86ADF68A2E}
		{C00FFEA5-1F08-4168-9CC7-6D4316E3E045} = {C5385BFC-BEC9-4B7B-8F18-C10E501789AB}
		{3E51A24E-4A8C-4F8B-A32A-DE22A1EE687E} = {C5385BFC-BEC9-4B7B-8F18-C10E501789AB}
		{1461A4F6-7828-4692-8BA1-392C26E03E74} = {C00FFEA5-1F08-4168-9CC7-6D4316E3E045}
		{34266BD3-F858-4224-A253-0837C8D91234} = {6CC777F3-1859-4FC1-9E9C-5587B10F9838}
		{0A69494A-C833-4D48-9B75-792F301BA70C} = {6CC777F3-1859-4FC1-9E9C-5587B10F9838}
		{69B460B8-3161-46EA-B80B-6744CCAAD23D} = {05393277-BEA2-4E29-8411-72634D22B62D}
		{B7C0F91E-2BBE-47E0-954D-52AA57C50E66} = {FE29BDCA-42F1-405D-9B06-F3CF121FFC6C}
	EndGlobalSection
	GlobalSection(ExtensibilityGlobals) = postSolution
		SolutionGuid = {3CB609D9-5D54-4C11-A371-DAAC8B74E430}
	EndGlobalSection
EndGlobal
